
Microsoft Visual Studio Solution File, Format Version 12.00
# Visual Studio Version 16
VisualStudioVersion = 16.0.29324.140
MinimumVisualStudioVersion = 10.0.40219.1
Project("{9A19103F-16F7-4668-BE54-9A1E7A4F7556}") = "Billy", "Billy\Billy.csproj", "{5F9F73FF-9891-455B-931E-8830DF80FDAD}"
EndProject
Project("{9A19103F-16F7-4668-BE54-9A1E7A4F7556}") = "Billy.Metrics", "Billy.Metrics\Billy.Metrics.csproj", "{76B3A75D-3A79-42A9-AE2D-5A788086ABAB}"
EndProject
Project("{2150E333-8FDC-42A3-9474-1A3956D46DE8}") = "libraries", "libraries", "{40015936-A241-4768-A2F7-D3C77D33EA93}"
EndProject
Project("{9A19103F-16F7-4668-BE54-9A1E7A4F7556}") = "Billy.EventSourcing", "Billy.EventSourcing\Billy.EventSourcing.csproj", "{3594F57D-9484-4915-8D47-553BDB337869}"
EndProject
Project("{9A19103F-16F7-4668-BE54-9A1E7A4F7556}") = "Billy.EventStore", "Billy.EventStore\Billy.EventStore.csproj", "{2B0D271D-0727-4B6E-ABB8-C93AB93CED46}"
EndProject
Project("{9A19103F-16F7-4668-BE54-9A1E7A4F7556}") = "Billy.PostgreSQL.Marten", "Billy.PostgreSQL.Marten\Billy.PostgreSQL.Marten.csproj", "{A632BC34-FFD3-4AA9-97B0-40D9032C4330}"
EndProject
Project("{9A19103F-16F7-4668-BE54-9A1E7A4F7556}") = "Billy.Receipts", "Billy.Receipts\Billy.Receipts.csproj", "{33322BB7-45B5-4D86-9656-70E9330CC9AD}"
EndProject
Project("{9A19103F-16F7-4668-BE54-9A1E7A4F7556}") = "Billy.Receipts.Domain", "Billy.Receipts.Domain\Billy.Receipts.Domain.csproj", "{2D2353C6-770E-4029-8644-875D6510E53F}"
EndProject
Project("{2150E333-8FDC-42A3-9474-1A3956D46DE8}") = "modules", "modules", "{5606CF34-7A90-4949-9997-5F63180D68A9}"
EndProject
Project("{2150E333-8FDC-42A3-9474-1A3956D46DE8}") = "receipts", "receipts", "{23A5F134-2C4F-4175-8BB4-0B4771BCA2A8}"
EndProject
Project("{2150E333-8FDC-42A3-9474-1A3956D46DE8}") = "expenses", "expenses", "{B2238148-BC89-4BA3-8803-EA719804D8C9}"
EndProject
Project("{9A19103F-16F7-4668-BE54-9A1E7A4F7556}") = "Billy.Expenses.Tests", "Billy.Expenses.Tests\Billy.Expenses.Tests.csproj", "{AF9939AE-9EDD-46D2-B367-9D4B3D75B667}"
EndProject
Project("{9A19103F-16F7-4668-BE54-9A1E7A4F7556}") = "Billy.CodeReadability", "Billy.CodeReadability\Billy.CodeReadability.csproj", "{B79D522C-E66B-469A-80AD-2823726C1CB9}"
EndProject
Project("{9A19103F-16F7-4668-BE54-9A1E7A4F7556}") = "Billy.CollectionTools", "Billy.CollectionTools\Billy.CollectionTools.csproj", "{48FE1B88-CAFF-45C6-8709-3E22724511E2}"
EndProject
Project("{2150E333-8FDC-42A3-9474-1A3956D46DE8}") = "recognition", "recognition", "{93847EC6-1BC3-4B48-AA19-D2B4798C3525}"
EndProject
Project("{9A19103F-16F7-4668-BE54-9A1E7A4F7556}") = "Billy.Receipts.Storage.Minio", "Billy.Receipts.Storage.Minio\Billy.Receipts.Storage.Minio.csproj", "{BB126D04-2682-49A1-9B00-F67E5BADCD2C}"
EndProject
Project("{9A19103F-16F7-4668-BE54-9A1E7A4F7556}") = "Billy.Expenses", "Billy.Expenses\Billy.Expenses.csproj", "{B5FE775D-5EC0-491A-9DC7-598019CFE4C6}"
EndProject
Project("{9A19103F-16F7-4668-BE54-9A1E7A4F7556}") = "Billy.Expenses.Domain", "Billy.Expenses.Domain\Billy.Expenses.Domain.csproj", "{BDA7F825-B822-4212-ADD1-08829190ECB7}"
EndProject
Project("{9A19103F-16F7-4668-BE54-9A1E7A4F7556}") = "Billy.Expenses.Domain.Tests", "Billy.Expenses.Domain.Tests\Billy.Expenses.Domain.Tests.csproj", "{5D0FCDA3-093E-44C3-8B39-ABDBD0BCECCB}"
EndProject
Project("{2150E333-8FDC-42A3-9474-1A3956D46DE8}") = "ocrProviders", "ocrProviders", "{A6C42F46-BE4E-4815-B2FE-517FB351EE75}"
EndProject
Project("{2150E333-8FDC-42A3-9474-1A3956D46DE8}") = "recognition", "recognition", "{7DAF5240-2E21-4436-A755-18E425EC719A}"
EndProject
Project("{9A19103F-16F7-4668-BE54-9A1E7A4F7556}") = "Billy.Domain", "Billy.Domain\Billy.Domain.csproj", "{45F42D3C-1AFE-447A-9869-61E1CBEA756A}"
EndProject
Project("{9A19103F-16F7-4668-BE54-9A1E7A4F7556}") = "Billy.PolishReceiptRecognitionAlgorithm.Tests", "Billy.PolishReceiptRecognitionAlgorithm.Tests\Billy.PolishReceiptRecognitionAlgorithm.Tests.csproj", "{1DB56718-54A5-41C7-8217-AFA381499A51}"
EndProject
Project("{9A19103F-16F7-4668-BE54-9A1E7A4F7556}") = "Billy.PolishReceiptRecognitionAlgorithm.Geometry", "Billy.PolishReceiptRecognitionAlgorithm.Geometry\Billy.PolishReceiptRecognitionAlgorithm.Geometry.csproj", "{7BD10B9E-B363-4E82-8690-14395AFA1841}"
EndProject
Project("{9A19103F-16F7-4668-BE54-9A1E7A4F7556}") = "Billy.PolishReceiptRecognitionAlgorithm.Geometry.Tests", "Billy.PolishReceiptRecognitionAlgorithm.Geometry.Tests\Billy.PolishReceiptRecognitionAlgorithm.Geometry.Tests.csproj", "{760371BE-F85D-4F8D-8513-20324EA609EB}"
EndProject
Project("{9A19103F-16F7-4668-BE54-9A1E7A4F7556}") = "Billy.PolishReceiptRecognitionAlgorithm.Grammar", "Billy.PolishReceiptRecognitionAlgorithm.Grammar\Billy.PolishReceiptRecognitionAlgorithm.Grammar.csproj", "{D43E9C1D-3C7B-4F52-9F3E-741ADEFB8757}"
EndProject
Project("{9A19103F-16F7-4668-BE54-9A1E7A4F7556}") = "Billy.PolishReceiptRecognitionAlgorithm", "Billy.PolishReceiptRecognitionAlgorithm\Billy.PolishReceiptRecognitionAlgorithm.csproj", "{8519309B-EE94-4177-98E8-05A9182D2044}"
EndProject
Project("{9A19103F-16F7-4668-BE54-9A1E7A4F7556}") = "Billy.Receipts.Recognition.PolishReceiptRecognitionAlgorithm", "Billy.Receipts.Recognition.PolishReceiptRecognitionAlgorithm\Billy.Receipts.Recognition.PolishReceiptRecognitionAlgorithm.csproj", "{29D84801-BF18-42C5-B7E6-5A94F4425DBB}"
EndProject
Project("{9A19103F-16F7-4668-BE54-9A1E7A4F7556}") = "Billy.CodeReadability.Tests", "Billy.CodeReadability.Tests\Billy.CodeReadability.Tests.csproj", "{EF28AC50-2388-49EF-9902-0235358521DE}"
EndProject
Project("{9A19103F-16F7-4668-BE54-9A1E7A4F7556}") = "Billy.IntegrationTests.Infrastructure", "Billy.IntegrationTests.Infrastructure\Billy.IntegrationTests.Infrastructure.csproj", "{B66088E0-11E5-4913-A5FE-E7F9CBB7A490}"
EndProject
Project("{9A19103F-16F7-4668-BE54-9A1E7A4F7556}") = "Billy.Receipts.Tests", "Billy.Receipts.Tests\Billy.Receipts.Tests.csproj", "{CFFF231F-1D49-41B5-8968-F8DB2C551B2C}"
EndProject
Project("{9A19103F-16F7-4668-BE54-9A1E7A4F7556}") = "Billy.Receipts.Contracts", "Billy.Receipts.Contracts\Billy.Receipts.Contracts.csproj", "{47D6433C-12B4-4C26-9015-3E2E3C9E38F1}"
EndProject
Project("{9A19103F-16F7-4668-BE54-9A1E7A4F7556}") = "Billy.Expenses.Contracts", "Billy.Expenses.Contracts\Billy.Expenses.Contracts.csproj", "{7250C80C-2A63-4297-8B2C-492904FBD6D1}"
EndProject
Project("{2150E333-8FDC-42A3-9474-1A3956D46DE8}") = "users", "users", "{8C607F47-5F62-4131-B06D-51E88D62BC59}"
EndProject
Project("{9A19103F-16F7-4668-BE54-9A1E7A4F7556}") = "Billy.IdGeneration", "Billy.IdGeneration\Billy.IdGeneration.csproj", "{D1628756-B9C2-44BD-9D17-2CA4C5392456}"
EndProject
Project("{9A19103F-16F7-4668-BE54-9A1E7A4F7556}") = "Billy.Users", "Billy.Users\Billy.Users.csproj", "{818906FA-281B-4128-BBDE-9C657CEC8E1E}"
EndProject
Project("{9A19103F-16F7-4668-BE54-9A1E7A4F7556}") = "Billy.Users.Domain", "Billy.Users.Domain\Billy.Users.Domain.csproj", "{CB0337F2-2B11-4018-AEAC-8E7B2F7873B8}"
EndProject
Project("{9A19103F-16F7-4668-BE54-9A1E7A4F7556}") = "Billy.Users.Contracts", "Billy.Users.Contracts\Billy.Users.Contracts.csproj", "{C6ED707D-7175-4D6D-80EE-89F71E22F2E3}"
EndProject
Project("{9A19103F-16F7-4668-BE54-9A1E7A4F7556}") = "Billy.Users.Domain.Tests", "Billy.Users.Domain.Tests\Billy.Users.Domain.Tests.csproj", "{E7B931C9-A059-449D-823D-F491F9440C07}"
EndProject
Project("{9A19103F-16F7-4668-BE54-9A1E7A4F7556}") = "Billy.Users.Tests", "Billy.Users.Tests\Billy.Users.Tests.csproj", "{6BE95E31-3035-45E5-9097-C640CFD3136E}"
EndProject
Project("{2150E333-8FDC-42A3-9474-1A3956D46DE8}") = "mobile-api", "mobile-api", "{302956DF-5E4F-41A2-A437-EBEC17F30D9F}"
EndProject
Project("{9A19103F-16F7-4668-BE54-9A1E7A4F7556}") = "Billy.MobileApi", "Billy.MobileApi\Billy.MobileApi.csproj", "{8DF6AD19-7F18-47AA-9A4D-A83764A29FF2}"
EndProject
Project("{9A19103F-16F7-4668-BE54-9A1E7A4F7556}") = "Billy.MobileApi.Contracts", "Billy.MobileApi.Contracts\Billy.MobileApi.Contracts.csproj", "{03CD9D59-1FF3-47B8-8745-049426FA8D29}"
EndProject
Project("{9A19103F-16F7-4668-BE54-9A1E7A4F7556}") = "Billy.CQRS", "Billy.CQRS\Billy.CQRS.csproj", "{06E65951-B63A-4573-911D-905C56048A95}"
EndProject
Project("{9A19103F-16F7-4668-BE54-9A1E7A4F7556}") = "Billy.Receipts.Storage.S3", "Billy.Receipts.Storage.S3\Billy.Receipts.Storage.S3.csproj", "{0BA6EE65-3E99-4D96-86F3-40B47DA712F8}"
EndProject
Project("{FAE04EC0-301F-11D3-BF4B-00C04F79EFBC}") = "Billy.Receipts.AWS.VisionAPI", "Billy.Receipts.AWS.VisionAPI\Billy.Receipts.AWS.VisionAPI.csproj", "{699F217E-8457-4199-A733-D0750E9FEACE}"
EndProject
Global
	GlobalSection(SolutionConfigurationPlatforms) = preSolution
		Debug|Any CPU = Debug|Any CPU
		Release|Any CPU = Release|Any CPU
	EndGlobalSection
	GlobalSection(ProjectConfigurationPlatforms) = postSolution
		{5F9F73FF-9891-455B-931E-8830DF80FDAD}.Debug|Any CPU.ActiveCfg = Debug|Any CPU
		{5F9F73FF-9891-455B-931E-8830DF80FDAD}.Debug|Any CPU.Build.0 = Debug|Any CPU
		{5F9F73FF-9891-455B-931E-8830DF80FDAD}.Release|Any CPU.ActiveCfg = Release|Any CPU
		{5F9F73FF-9891-455B-931E-8830DF80FDAD}.Release|Any CPU.Build.0 = Release|Any CPU
		{76B3A75D-3A79-42A9-AE2D-5A788086ABAB}.Debug|Any CPU.ActiveCfg = Debug|Any CPU
		{76B3A75D-3A79-42A9-AE2D-5A788086ABAB}.Debug|Any CPU.Build.0 = Debug|Any CPU
		{76B3A75D-3A79-42A9-AE2D-5A788086ABAB}.Release|Any CPU.ActiveCfg = Release|Any CPU
		{76B3A75D-3A79-42A9-AE2D-5A788086ABAB}.Release|Any CPU.Build.0 = Release|Any CPU
		{3594F57D-9484-4915-8D47-553BDB337869}.Debug|Any CPU.ActiveCfg = Debug|Any CPU
		{3594F57D-9484-4915-8D47-553BDB337869}.Debug|Any CPU.Build.0 = Debug|Any CPU
		{3594F57D-9484-4915-8D47-553BDB337869}.Release|Any CPU.ActiveCfg = Release|Any CPU
		{3594F57D-9484-4915-8D47-553BDB337869}.Release|Any CPU.Build.0 = Release|Any CPU
		{2B0D271D-0727-4B6E-ABB8-C93AB93CED46}.Debug|Any CPU.ActiveCfg = Debug|Any CPU
		{2B0D271D-0727-4B6E-ABB8-C93AB93CED46}.Debug|Any CPU.Build.0 = Debug|Any CPU
		{2B0D271D-0727-4B6E-ABB8-C93AB93CED46}.Release|Any CPU.ActiveCfg = Release|Any CPU
		{2B0D271D-0727-4B6E-ABB8-C93AB93CED46}.Release|Any CPU.Build.0 = Release|Any CPU
		{A632BC34-FFD3-4AA9-97B0-40D9032C4330}.Debug|Any CPU.ActiveCfg = Debug|Any CPU
		{A632BC34-FFD3-4AA9-97B0-40D9032C4330}.Debug|Any CPU.Build.0 = Debug|Any CPU
		{A632BC34-FFD3-4AA9-97B0-40D9032C4330}.Release|Any CPU.ActiveCfg = Release|Any CPU
		{A632BC34-FFD3-4AA9-97B0-40D9032C4330}.Release|Any CPU.Build.0 = Release|Any CPU
		{33322BB7-45B5-4D86-9656-70E9330CC9AD}.Debug|Any CPU.ActiveCfg = Debug|Any CPU
		{33322BB7-45B5-4D86-9656-70E9330CC9AD}.Debug|Any CPU.Build.0 = Debug|Any CPU
		{33322BB7-45B5-4D86-9656-70E9330CC9AD}.Release|Any CPU.ActiveCfg = Release|Any CPU
		{33322BB7-45B5-4D86-9656-70E9330CC9AD}.Release|Any CPU.Build.0 = Release|Any CPU
		{2D2353C6-770E-4029-8644-875D6510E53F}.Debug|Any CPU.ActiveCfg = Debug|Any CPU
		{2D2353C6-770E-4029-8644-875D6510E53F}.Debug|Any CPU.Build.0 = Debug|Any CPU
		{2D2353C6-770E-4029-8644-875D6510E53F}.Release|Any CPU.ActiveCfg = Release|Any CPU
		{2D2353C6-770E-4029-8644-875D6510E53F}.Release|Any CPU.Build.0 = Release|Any CPU
		{AF9939AE-9EDD-46D2-B367-9D4B3D75B667}.Debug|Any CPU.ActiveCfg = Debug|Any CPU
		{AF9939AE-9EDD-46D2-B367-9D4B3D75B667}.Debug|Any CPU.Build.0 = Debug|Any CPU
		{AF9939AE-9EDD-46D2-B367-9D4B3D75B667}.Release|Any CPU.ActiveCfg = Release|Any CPU
		{AF9939AE-9EDD-46D2-B367-9D4B3D75B667}.Release|Any CPU.Build.0 = Release|Any CPU
		{B79D522C-E66B-469A-80AD-2823726C1CB9}.Debug|Any CPU.ActiveCfg = Debug|Any CPU
		{B79D522C-E66B-469A-80AD-2823726C1CB9}.Debug|Any CPU.Build.0 = Debug|Any CPU
		{B79D522C-E66B-469A-80AD-2823726C1CB9}.Release|Any CPU.ActiveCfg = Release|Any CPU
		{B79D522C-E66B-469A-80AD-2823726C1CB9}.Release|Any CPU.Build.0 = Release|Any CPU
		{48FE1B88-CAFF-45C6-8709-3E22724511E2}.Debug|Any CPU.ActiveCfg = Debug|Any CPU
		{48FE1B88-CAFF-45C6-8709-3E22724511E2}.Debug|Any CPU.Build.0 = Debug|Any CPU
		{48FE1B88-CAFF-45C6-8709-3E22724511E2}.Release|Any CPU.ActiveCfg = Release|Any CPU
		{48FE1B88-CAFF-45C6-8709-3E22724511E2}.Release|Any CPU.Build.0 = Release|Any CPU
		{BB126D04-2682-49A1-9B00-F67E5BADCD2C}.Debug|Any CPU.ActiveCfg = Debug|Any CPU
		{BB126D04-2682-49A1-9B00-F67E5BADCD2C}.Debug|Any CPU.Build.0 = Debug|Any CPU
		{BB126D04-2682-49A1-9B00-F67E5BADCD2C}.Release|Any CPU.ActiveCfg = Release|Any CPU
		{BB126D04-2682-49A1-9B00-F67E5BADCD2C}.Release|Any CPU.Build.0 = Release|Any CPU
		{B5FE775D-5EC0-491A-9DC7-598019CFE4C6}.Debug|Any CPU.ActiveCfg = Debug|Any CPU
		{B5FE775D-5EC0-491A-9DC7-598019CFE4C6}.Debug|Any CPU.Build.0 = Debug|Any CPU
		{B5FE775D-5EC0-491A-9DC7-598019CFE4C6}.Release|Any CPU.ActiveCfg = Release|Any CPU
		{B5FE775D-5EC0-491A-9DC7-598019CFE4C6}.Release|Any CPU.Build.0 = Release|Any CPU
		{BDA7F825-B822-4212-ADD1-08829190ECB7}.Debug|Any CPU.ActiveCfg = Debug|Any CPU
		{BDA7F825-B822-4212-ADD1-08829190ECB7}.Debug|Any CPU.Build.0 = Debug|Any CPU
		{BDA7F825-B822-4212-ADD1-08829190ECB7}.Release|Any CPU.ActiveCfg = Release|Any CPU
		{BDA7F825-B822-4212-ADD1-08829190ECB7}.Release|Any CPU.Build.0 = Release|Any CPU
		{5D0FCDA3-093E-44C3-8B39-ABDBD0BCECCB}.Debug|Any CPU.ActiveCfg = Debug|Any CPU
		{5D0FCDA3-093E-44C3-8B39-ABDBD0BCECCB}.Debug|Any CPU.Build.0 = Debug|Any CPU
		{5D0FCDA3-093E-44C3-8B39-ABDBD0BCECCB}.Release|Any CPU.ActiveCfg = Release|Any CPU
		{5D0FCDA3-093E-44C3-8B39-ABDBD0BCECCB}.Release|Any CPU.Build.0 = Release|Any CPU
		{45F42D3C-1AFE-447A-9869-61E1CBEA756A}.Debug|Any CPU.ActiveCfg = Debug|Any CPU
		{45F42D3C-1AFE-447A-9869-61E1CBEA756A}.Debug|Any CPU.Build.0 = Debug|Any CPU
		{45F42D3C-1AFE-447A-9869-61E1CBEA756A}.Release|Any CPU.ActiveCfg = Release|Any CPU
		{45F42D3C-1AFE-447A-9869-61E1CBEA756A}.Release|Any CPU.Build.0 = Release|Any CPU
		{1DB56718-54A5-41C7-8217-AFA381499A51}.Debug|Any CPU.ActiveCfg = Debug|Any CPU
		{1DB56718-54A5-41C7-8217-AFA381499A51}.Debug|Any CPU.Build.0 = Debug|Any CPU
		{1DB56718-54A5-41C7-8217-AFA381499A51}.Release|Any CPU.ActiveCfg = Release|Any CPU
		{1DB56718-54A5-41C7-8217-AFA381499A51}.Release|Any CPU.Build.0 = Release|Any CPU
		{7BD10B9E-B363-4E82-8690-14395AFA1841}.Debug|Any CPU.ActiveCfg = Debug|Any CPU
		{7BD10B9E-B363-4E82-8690-14395AFA1841}.Debug|Any CPU.Build.0 = Debug|Any CPU
		{7BD10B9E-B363-4E82-8690-14395AFA1841}.Release|Any CPU.ActiveCfg = Release|Any CPU
		{7BD10B9E-B363-4E82-8690-14395AFA1841}.Release|Any CPU.Build.0 = Release|Any CPU
		{760371BE-F85D-4F8D-8513-20324EA609EB}.Debug|Any CPU.ActiveCfg = Debug|Any CPU
		{760371BE-F85D-4F8D-8513-20324EA609EB}.Debug|Any CPU.Build.0 = Debug|Any CPU
		{760371BE-F85D-4F8D-8513-20324EA609EB}.Release|Any CPU.ActiveCfg = Release|Any CPU
		{760371BE-F85D-4F8D-8513-20324EA609EB}.Release|Any CPU.Build.0 = Release|Any CPU
		{D43E9C1D-3C7B-4F52-9F3E-741ADEFB8757}.Debug|Any CPU.ActiveCfg = Debug|Any CPU
		{D43E9C1D-3C7B-4F52-9F3E-741ADEFB8757}.Debug|Any CPU.Build.0 = Debug|Any CPU
		{D43E9C1D-3C7B-4F52-9F3E-741ADEFB8757}.Release|Any CPU.ActiveCfg = Release|Any CPU
		{D43E9C1D-3C7B-4F52-9F3E-741ADEFB8757}.Release|Any CPU.Build.0 = Release|Any CPU
		{8519309B-EE94-4177-98E8-05A9182D2044}.Debug|Any CPU.ActiveCfg = Debug|Any CPU
		{8519309B-EE94-4177-98E8-05A9182D2044}.Debug|Any CPU.Build.0 = Debug|Any CPU
		{8519309B-EE94-4177-98E8-05A9182D2044}.Release|Any CPU.ActiveCfg = Release|Any CPU
		{8519309B-EE94-4177-98E8-05A9182D2044}.Release|Any CPU.Build.0 = Release|Any CPU
		{29D84801-BF18-42C5-B7E6-5A94F4425DBB}.Debug|Any CPU.ActiveCfg = Debug|Any CPU
		{29D84801-BF18-42C5-B7E6-5A94F4425DBB}.Debug|Any CPU.Build.0 = Debug|Any CPU
		{29D84801-BF18-42C5-B7E6-5A94F4425DBB}.Release|Any CPU.ActiveCfg = Release|Any CPU
		{29D84801-BF18-42C5-B7E6-5A94F4425DBB}.Release|Any CPU.Build.0 = Release|Any CPU
		{EF28AC50-2388-49EF-9902-0235358521DE}.Debug|Any CPU.ActiveCfg = Debug|Any CPU
		{EF28AC50-2388-49EF-9902-0235358521DE}.Debug|Any CPU.Build.0 = Debug|Any CPU
		{EF28AC50-2388-49EF-9902-0235358521DE}.Release|Any CPU.ActiveCfg = Release|Any CPU
		{EF28AC50-2388-49EF-9902-0235358521DE}.Release|Any CPU.Build.0 = Release|Any CPU
		{B66088E0-11E5-4913-A5FE-E7F9CBB7A490}.Debug|Any CPU.ActiveCfg = Debug|Any CPU
		{B66088E0-11E5-4913-A5FE-E7F9CBB7A490}.Debug|Any CPU.Build.0 = Debug|Any CPU
		{B66088E0-11E5-4913-A5FE-E7F9CBB7A490}.Release|Any CPU.ActiveCfg = Release|Any CPU
		{B66088E0-11E5-4913-A5FE-E7F9CBB7A490}.Release|Any CPU.Build.0 = Release|Any CPU
		{CFFF231F-1D49-41B5-8968-F8DB2C551B2C}.Debug|Any CPU.ActiveCfg = Debug|Any CPU
		{CFFF231F-1D49-41B5-8968-F8DB2C551B2C}.Debug|Any CPU.Build.0 = Debug|Any CPU
		{CFFF231F-1D49-41B5-8968-F8DB2C551B2C}.Release|Any CPU.ActiveCfg = Release|Any CPU
		{CFFF231F-1D49-41B5-8968-F8DB2C551B2C}.Release|Any CPU.Build.0 = Release|Any CPU
		{47D6433C-12B4-4C26-9015-3E2E3C9E38F1}.Debug|Any CPU.ActiveCfg = Debug|Any CPU
		{47D6433C-12B4-4C26-9015-3E2E3C9E38F1}.Debug|Any CPU.Build.0 = Debug|Any CPU
		{47D6433C-12B4-4C26-9015-3E2E3C9E38F1}.Release|Any CPU.ActiveCfg = Release|Any CPU
		{47D6433C-12B4-4C26-9015-3E2E3C9E38F1}.Release|Any CPU.Build.0 = Release|Any CPU
		{7250C80C-2A63-4297-8B2C-492904FBD6D1}.Debug|Any CPU.ActiveCfg = Debug|Any CPU
		{7250C80C-2A63-4297-8B2C-492904FBD6D1}.Debug|Any CPU.Build.0 = Debug|Any CPU
		{7250C80C-2A63-4297-8B2C-492904FBD6D1}.Release|Any CPU.ActiveCfg = Release|Any CPU
		{7250C80C-2A63-4297-8B2C-492904FBD6D1}.Release|Any CPU.Build.0 = Release|Any CPU
		{D1628756-B9C2-44BD-9D17-2CA4C5392456}.Debug|Any CPU.ActiveCfg = Debug|Any CPU
		{D1628756-B9C2-44BD-9D17-2CA4C5392456}.Debug|Any CPU.Build.0 = Debug|Any CPU
		{D1628756-B9C2-44BD-9D17-2CA4C5392456}.Release|Any CPU.ActiveCfg = Release|Any CPU
		{D1628756-B9C2-44BD-9D17-2CA4C5392456}.Release|Any CPU.Build.0 = Release|Any CPU
		{818906FA-281B-4128-BBDE-9C657CEC8E1E}.Debug|Any CPU.ActiveCfg = Debug|Any CPU
		{818906FA-281B-4128-BBDE-9C657CEC8E1E}.Debug|Any CPU.Build.0 = Debug|Any CPU
		{818906FA-281B-4128-BBDE-9C657CEC8E1E}.Release|Any CPU.ActiveCfg = Release|Any CPU
		{818906FA-281B-4128-BBDE-9C657CEC8E1E}.Release|Any CPU.Build.0 = Release|Any CPU
		{CB0337F2-2B11-4018-AEAC-8E7B2F7873B8}.Debug|Any CPU.ActiveCfg = Debug|Any CPU
		{CB0337F2-2B11-4018-AEAC-8E7B2F7873B8}.Debug|Any CPU.Build.0 = Debug|Any CPU
		{CB0337F2-2B11-4018-AEAC-8E7B2F7873B8}.Release|Any CPU.ActiveCfg = Release|Any CPU
		{CB0337F2-2B11-4018-AEAC-8E7B2F7873B8}.Release|Any CPU.Build.0 = Release|Any CPU
		{C6ED707D-7175-4D6D-80EE-89F71E22F2E3}.Debug|Any CPU.ActiveCfg = Debug|Any CPU
		{C6ED707D-7175-4D6D-80EE-89F71E22F2E3}.Debug|Any CPU.Build.0 = Debug|Any CPU
		{C6ED707D-7175-4D6D-80EE-89F71E22F2E3}.Release|Any CPU.ActiveCfg = Release|Any CPU
		{C6ED707D-7175-4D6D-80EE-89F71E22F2E3}.Release|Any CPU.Build.0 = Release|Any CPU
		{E7B931C9-A059-449D-823D-F491F9440C07}.Debug|Any CPU.ActiveCfg = Debug|Any CPU
		{E7B931C9-A059-449D-823D-F491F9440C07}.Debug|Any CPU.Build.0 = Debug|Any CPU
		{E7B931C9-A059-449D-823D-F491F9440C07}.Release|Any CPU.ActiveCfg = Release|Any CPU
		{E7B931C9-A059-449D-823D-F491F9440C07}.Release|Any CPU.Build.0 = Release|Any CPU
		{6BE95E31-3035-45E5-9097-C640CFD3136E}.Debug|Any CPU.ActiveCfg = Debug|Any CPU
		{6BE95E31-3035-45E5-9097-C640CFD3136E}.Debug|Any CPU.Build.0 = Debug|Any CPU
		{6BE95E31-3035-45E5-9097-C640CFD3136E}.Release|Any CPU.ActiveCfg = Release|Any CPU
		{6BE95E31-3035-45E5-9097-C640CFD3136E}.Release|Any CPU.Build.0 = Release|Any CPU
		{8DF6AD19-7F18-47AA-9A4D-A83764A29FF2}.Debug|Any CPU.ActiveCfg = Debug|Any CPU
		{8DF6AD19-7F18-47AA-9A4D-A83764A29FF2}.Debug|Any CPU.Build.0 = Debug|Any CPU
		{8DF6AD19-7F18-47AA-9A4D-A83764A29FF2}.Release|Any CPU.ActiveCfg = Release|Any CPU
		{8DF6AD19-7F18-47AA-9A4D-A83764A29FF2}.Release|Any CPU.Build.0 = Release|Any CPU
		{03CD9D59-1FF3-47B8-8745-049426FA8D29}.Debug|Any CPU.ActiveCfg = Debug|Any CPU
		{03CD9D59-1FF3-47B8-8745-049426FA8D29}.Debug|Any CPU.Build.0 = Debug|Any CPU
		{03CD9D59-1FF3-47B8-8745-049426FA8D29}.Release|Any CPU.ActiveCfg = Release|Any CPU
		{03CD9D59-1FF3-47B8-8745-049426FA8D29}.Release|Any CPU.Build.0 = Release|Any CPU
		{06E65951-B63A-4573-911D-905C56048A95}.Debug|Any CPU.ActiveCfg = Debug|Any CPU
		{06E65951-B63A-4573-911D-905C56048A95}.Debug|Any CPU.Build.0 = Debug|Any CPU
		{06E65951-B63A-4573-911D-905C56048A95}.Release|Any CPU.ActiveCfg = Release|Any CPU
		{06E65951-B63A-4573-911D-905C56048A95}.Release|Any CPU.Build.0 = Release|Any CPU
		{0BA6EE65-3E99-4D96-86F3-40B47DA712F8}.Debug|Any CPU.ActiveCfg = Debug|Any CPU
		{0BA6EE65-3E99-4D96-86F3-40B47DA712F8}.Debug|Any CPU.Build.0 = Debug|Any CPU
		{0BA6EE65-3E99-4D96-86F3-40B47DA712F8}.Release|Any CPU.ActiveCfg = Release|Any CPU
		{0BA6EE65-3E99-4D96-86F3-40B47DA712F8}.Release|Any CPU.Build.0 = Release|Any CPU
		{699F217E-8457-4199-A733-D0750E9FEACE}.Debug|Any CPU.ActiveCfg = Debug|Any CPU
		{699F217E-8457-4199-A733-D0750E9FEACE}.Debug|Any CPU.Build.0 = Debug|Any CPU
		{699F217E-8457-4199-A733-D0750E9FEACE}.Release|Any CPU.ActiveCfg = Release|Any CPU
		{699F217E-8457-4199-A733-D0750E9FEACE}.Release|Any CPU.Build.0 = Release|Any CPU
	EndGlobalSection
	GlobalSection(SolutionProperties) = preSolution
		HideSolutionNode = FALSE
	EndGlobalSection
	GlobalSection(NestedProjects) = preSolution
		{3594F57D-9484-4915-8D47-553BDB337869} = {40015936-A241-4768-A2F7-D3C77D33EA93}
		{2B0D271D-0727-4B6E-ABB8-C93AB93CED46} = {40015936-A241-4768-A2F7-D3C77D33EA93}
		{A632BC34-FFD3-4AA9-97B0-40D9032C4330} = {40015936-A241-4768-A2F7-D3C77D33EA93}
		{33322BB7-45B5-4D86-9656-70E9330CC9AD} = {23A5F134-2C4F-4175-8BB4-0B4771BCA2A8}
		{2D2353C6-770E-4029-8644-875D6510E53F} = {23A5F134-2C4F-4175-8BB4-0B4771BCA2A8}
		{23A5F134-2C4F-4175-8BB4-0B4771BCA2A8} = {5606CF34-7A90-4949-9997-5F63180D68A9}
		{B2238148-BC89-4BA3-8803-EA719804D8C9} = {5606CF34-7A90-4949-9997-5F63180D68A9}
		{AF9939AE-9EDD-46D2-B367-9D4B3D75B667} = {B2238148-BC89-4BA3-8803-EA719804D8C9}
		{B79D522C-E66B-469A-80AD-2823726C1CB9} = {40015936-A241-4768-A2F7-D3C77D33EA93}
		{48FE1B88-CAFF-45C6-8709-3E22724511E2} = {40015936-A241-4768-A2F7-D3C77D33EA93}
		{93847EC6-1BC3-4B48-AA19-D2B4798C3525} = {23A5F134-2C4F-4175-8BB4-0B4771BCA2A8}
		{BB126D04-2682-49A1-9B00-F67E5BADCD2C} = {23A5F134-2C4F-4175-8BB4-0B4771BCA2A8}
		{B5FE775D-5EC0-491A-9DC7-598019CFE4C6} = {B2238148-BC89-4BA3-8803-EA719804D8C9}
		{BDA7F825-B822-4212-ADD1-08829190ECB7} = {B2238148-BC89-4BA3-8803-EA719804D8C9}
		{5D0FCDA3-093E-44C3-8B39-ABDBD0BCECCB} = {B2238148-BC89-4BA3-8803-EA719804D8C9}
		{A6C42F46-BE4E-4815-B2FE-517FB351EE75} = {23A5F134-2C4F-4175-8BB4-0B4771BCA2A8}
		{7DAF5240-2E21-4436-A755-18E425EC719A} = {40015936-A241-4768-A2F7-D3C77D33EA93}
		{45F42D3C-1AFE-447A-9869-61E1CBEA756A} = {40015936-A241-4768-A2F7-D3C77D33EA93}
		{1DB56718-54A5-41C7-8217-AFA381499A51} = {7DAF5240-2E21-4436-A755-18E425EC719A}
		{7BD10B9E-B363-4E82-8690-14395AFA1841} = {7DAF5240-2E21-4436-A755-18E425EC719A}
		{760371BE-F85D-4F8D-8513-20324EA609EB} = {7DAF5240-2E21-4436-A755-18E425EC719A}
		{D43E9C1D-3C7B-4F52-9F3E-741ADEFB8757} = {7DAF5240-2E21-4436-A755-18E425EC719A}
		{8519309B-EE94-4177-98E8-05A9182D2044} = {7DAF5240-2E21-4436-A755-18E425EC719A}
		{29D84801-BF18-42C5-B7E6-5A94F4425DBB} = {93847EC6-1BC3-4B48-AA19-D2B4798C3525}
		{EF28AC50-2388-49EF-9902-0235358521DE} = {40015936-A241-4768-A2F7-D3C77D33EA93}
		{CFFF231F-1D49-41B5-8968-F8DB2C551B2C} = {23A5F134-2C4F-4175-8BB4-0B4771BCA2A8}
		{47D6433C-12B4-4C26-9015-3E2E3C9E38F1} = {23A5F134-2C4F-4175-8BB4-0B4771BCA2A8}
		{7250C80C-2A63-4297-8B2C-492904FBD6D1} = {B2238148-BC89-4BA3-8803-EA719804D8C9}
		{8C607F47-5F62-4131-B06D-51E88D62BC59} = {5606CF34-7A90-4949-9997-5F63180D68A9}
		{D1628756-B9C2-44BD-9D17-2CA4C5392456} = {40015936-A241-4768-A2F7-D3C77D33EA93}
		{818906FA-281B-4128-BBDE-9C657CEC8E1E} = {8C607F47-5F62-4131-B06D-51E88D62BC59}
		{CB0337F2-2B11-4018-AEAC-8E7B2F7873B8} = {8C607F47-5F62-4131-B06D-51E88D62BC59}
		{C6ED707D-7175-4D6D-80EE-89F71E22F2E3} = {8C607F47-5F62-4131-B06D-51E88D62BC59}
		{E7B931C9-A059-449D-823D-F491F9440C07} = {8C607F47-5F62-4131-B06D-51E88D62BC59}
		{6BE95E31-3035-45E5-9097-C640CFD3136E} = {8C607F47-5F62-4131-B06D-51E88D62BC59}
		{302956DF-5E4F-41A2-A437-EBEC17F30D9F} = {5606CF34-7A90-4949-9997-5F63180D68A9}
		{8DF6AD19-7F18-47AA-9A4D-A83764A29FF2} = {302956DF-5E4F-41A2-A437-EBEC17F30D9F}
		{03CD9D59-1FF3-47B8-8745-049426FA8D29} = {302956DF-5E4F-41A2-A437-EBEC17F30D9F}
		{06E65951-B63A-4573-911D-905C56048A95} = {40015936-A241-4768-A2F7-D3C77D33EA93}
		{0BA6EE65-3E99-4D96-86F3-40B47DA712F8} = {23A5F134-2C4F-4175-8BB4-0B4771BCA2A8}
		{699F217E-8457-4199-A733-D0750E9FEACE} = {A6C42F46-BE4E-4815-B2FE-517FB351EE75}
	EndGlobalSection
	GlobalSection(ExtensibilityGlobals) = postSolution
		SolutionGuid = {74AE321E-8A59-4F1F-8267-4D0E0E0549B4}
	EndGlobalSection
EndGlobal
